
Microsoft Visual Studio Solution File, Format Version 11.00
# Visual Studio 10
Project("{FAE04EC0-301F-11D3-BF4B-00C04F79EFBC}") = "SettleIn", "SettleIn\SettleIn.csproj", "{5699E717-766B-4788-88E1-442AFA64E30B}"
	ProjectSection(ProjectDependencies) = postProject
		{C95E8FEC-6D89-421C-92CC-493309ECE06E} = {C95E8FEC-6D89-421C-92CC-493309ECE06E}
	EndProjectSection
EndProject
Project("{FAE04EC0-301F-11D3-BF4B-00C04F79EFBC}") = "SettleInCommon", "SetteInCommon\SettleInCommon.csproj", "{07D95963-D4B8-49E2-AA4E-9DF81338B94D}"
EndProject
Project("{FAE04EC0-301F-11D3-BF4B-00C04F79EFBC}") = "SettleInDataServer", "SettleInDataServer\SettleInDataServer.csproj", "{C95E8FEC-6D89-421C-92CC-493309ECE06E}"
EndProject
Project("{FAE04EC0-301F-11D3-BF4B-00C04F79EFBC}") = "SettleInData", "SettleInData\SettleInData.csproj", "{6C2D0BD9-7E0A-4BEE-ABBB-7A5B124934C8}"
EndProject
Project("{FAE04EC0-301F-11D3-BF4B-00C04F79EFBC}") = "GameServer", "GameServer\GameServer.csproj", "{E8D90ECA-FF76-418C-BFE6-193221F26836}"
EndProject
Project("{FAE04EC0-301F-11D3-BF4B-00C04F79EFBC}") = "ConsoleApplication1", "ConsoleApplication1\ConsoleApplication1.csproj", "{FC8C7E7C-BB5A-41D0-A863-207EC7D9371C}"
EndProject
Global
	GlobalSection(SolutionConfigurationPlatforms) = preSolution
		Debug|Any CPU = Debug|Any CPU
		Debug|Mixed Platforms = Debug|Mixed Platforms
		Debug|x86 = Debug|x86
		Debug2|Any CPU = Debug2|Any CPU
		Debug2|Mixed Platforms = Debug2|Mixed Platforms
		Debug2|x86 = Debug2|x86
		Release|Any CPU = Release|Any CPU
		Release|Mixed Platforms = Release|Mixed Platforms
		Release|x86 = Release|x86
	EndGlobalSection
	GlobalSection(ProjectConfigurationPlatforms) = postSolution
		{5699E717-766B-4788-88E1-442AFA64E30B}.Debug|Any CPU.ActiveCfg = Debug|Any CPU
		{5699E717-766B-4788-88E1-442AFA64E30B}.Debug|Any CPU.Build.0 = Debug|Any CPU
		{5699E717-766B-4788-88E1-442AFA64E30B}.Debug|Mixed Platforms.ActiveCfg = Debug|Any CPU
		{5699E717-766B-4788-88E1-442AFA64E30B}.Debug|Mixed Platforms.Build.0 = Debug|Any CPU
		{5699E717-766B-4788-88E1-442AFA64E30B}.Debug|x86.ActiveCfg = Debug|Any CPU
		{5699E717-766B-4788-88E1-442AFA64E30B}.Debug2|Any CPU.ActiveCfg = Debug2|Any CPU
		{5699E717-766B-4788-88E1-442AFA64E30B}.Debug2|Any CPU.Build.0 = Debug2|Any CPU
		{5699E717-766B-4788-88E1-442AFA64E30B}.Debug2|Mixed Platforms.ActiveCfg = Debug2|Any CPU
		{5699E717-766B-4788-88E1-442AFA64E30B}.Debug2|Mixed Platforms.Build.0 = Debug2|Any CPU
		{5699E717-766B-4788-88E1-442AFA64E30B}.Debug2|x86.ActiveCfg = Debug2|Any CPU
		{5699E717-766B-4788-88E1-442AFA64E30B}.Release|Any CPU.ActiveCfg = Release|Any CPU
		{5699E717-766B-4788-88E1-442AFA64E30B}.Release|Any CPU.Build.0 = Release|Any CPU
		{5699E717-766B-4788-88E1-442AFA64E30B}.Release|Mixed Platforms.ActiveCfg = Release|Any CPU
		{5699E717-766B-4788-88E1-442AFA64E30B}.Release|Mixed Platforms.Build.0 = Release|Any CPU
		{5699E717-766B-4788-88E1-442AFA64E30B}.Release|x86.ActiveCfg = Release|Any CPU
		{07D95963-D4B8-49E2-AA4E-9DF81338B94D}.Debug|Any CPU.ActiveCfg = Debug|Any CPU
		{07D95963-D4B8-49E2-AA4E-9DF81338B94D}.Debug|Any CPU.Build.0 = Debug|Any CPU
		{07D95963-D4B8-49E2-AA4E-9DF81338B94D}.Debug|Mixed Platforms.ActiveCfg = Debug|Any CPU
		{07D95963-D4B8-49E2-AA4E-9DF81338B94D}.Debug|Mixed Platforms.Build.0 = Debug|Any CPU
		{07D95963-D4B8-49E2-AA4E-9DF81338B94D}.Debug|x86.ActiveCfg = Debug|Any CPU
		{07D95963-D4B8-49E2-AA4E-9DF81338B94D}.Debug2|Any CPU.ActiveCfg = Debug2|Any CPU
		{07D95963-D4B8-49E2-AA4E-9DF81338B94D}.Debug2|Any CPU.Build.0 = Debug2|Any CPU
		{07D95963-D4B8-49E2-AA4E-9DF81338B94D}.Debug2|Mixed Platforms.ActiveCfg = Debug2|Any CPU
		{07D95963-D4B8-49E2-AA4E-9DF81338B94D}.Debug2|Mixed Platforms.Build.0 = Debug2|Any CPU
		{07D95963-D4B8-49E2-AA4E-9DF81338B94D}.Debug2|x86.ActiveCfg = Debug2|Any CPU
		{07D95963-D4B8-49E2-AA4E-9DF81338B94D}.Release|Any CPU.ActiveCfg = Release|Any CPU
		{07D95963-D4B8-49E2-AA4E-9DF81338B94D}.Release|Any CPU.Build.0 = Release|Any CPU
		{07D95963-D4B8-49E2-AA4E-9DF81338B94D}.Release|Mixed Platforms.ActiveCfg = Release|Any CPU
		{07D95963-D4B8-49E2-AA4E-9DF81338B94D}.Release|Mixed Platforms.Build.0 = Release|Any CPU
		{07D95963-D4B8-49E2-AA4E-9DF81338B94D}.Release|x86.ActiveCfg = Release|Any CPU
		{C95E8FEC-6D89-421C-92CC-493309ECE06E}.Debug|Any CPU.ActiveCfg = Debug|Any CPU
		{C95E8FEC-6D89-421C-92CC-493309ECE06E}.Debug|Any CPU.Build.0 = Debug|Any CPU
		{C95E8FEC-6D89-421C-92CC-493309ECE06E}.Debug|Mixed Platforms.ActiveCfg = Debug|Any CPU
		{C95E8FEC-6D89-421C-92CC-493309ECE06E}.Debug|Mixed Platforms.Build.0 = Debug|Any CPU
		{C95E8FEC-6D89-421C-92CC-493309ECE06E}.Debug|x86.ActiveCfg = Debug|Any CPU
		{C95E8FEC-6D89-421C-92CC-493309ECE06E}.Debug2|Any CPU.ActiveCfg = Debug|Any CPU
		{C95E8FEC-6D89-421C-92CC-493309ECE06E}.Debug2|Any CPU.Build.0 = Debug|Any CPU
		{C95E8FEC-6D89-421C-92CC-493309ECE06E}.Debug2|Mixed Platforms.ActiveCfg = Debug|Any CPU
		{C95E8FEC-6D89-421C-92CC-493309ECE06E}.Debug2|Mixed Platforms.Build.0 = Debug|Any CPU
		{C95E8FEC-6D89-421C-92CC-493309ECE06E}.Debug2|x86.ActiveCfg = Debug|Any CPU
		{C95E8FEC-6D89-421C-92CC-493309ECE06E}.Release|Any CPU.ActiveCfg = Release|Any CPU
		{C95E8FEC-6D89-421C-92CC-493309ECE06E}.Release|Any CPU.Build.0 = Release|Any CPU
		{C95E8FEC-6D89-421C-92CC-493309ECE06E}.Release|Mixed Platforms.ActiveCfg = Release|Any CPU
		{C95E8FEC-6D89-421C-92CC-493309ECE06E}.Release|Mixed Platforms.Build.0 = Release|Any CPU
		{C95E8FEC-6D89-421C-92CC-493309ECE06E}.Release|x86.ActiveCfg = Release|Any CPU
		{6C2D0BD9-7E0A-4BEE-ABBB-7A5B124934C8}.Debug|Any CPU.ActiveCfg = Debug|Any CPU
		{6C2D0BD9-7E0A-4BEE-ABBB-7A5B124934C8}.Debug|Any CPU.Build.0 = Debug|Any CPU
		{6C2D0BD9-7E0A-4BEE-ABBB-7A5B124934C8}.Debug|Mixed Platforms.ActiveCfg = Debug|Any CPU
		{6C2D0BD9-7E0A-4BEE-ABBB-7A5B124934C8}.Debug|Mixed Platforms.Build.0 = Debug|Any CPU
		{6C2D0BD9-7E0A-4BEE-ABBB-7A5B124934C8}.Debug|x86.ActiveCfg = Debug|Any CPU
		{6C2D0BD9-7E0A-4BEE-ABBB-7A5B124934C8}.Debug2|Any CPU.ActiveCfg = Debug|Any CPU
		{6C2D0BD9-7E0A-4BEE-ABBB-7A5B124934C8}.Debug2|Any CPU.Build.0 = Debug|Any CPU
		{6C2D0BD9-7E0A-4BEE-ABBB-7A5B124934C8}.Debug2|Mixed Platforms.ActiveCfg = Debug|Any CPU
		{6C2D0BD9-7E0A-4BEE-ABBB-7A5B124934C8}.Debug2|Mixed Platforms.Build.0 = Debug|Any CPU
		{6C2D0BD9-7E0A-4BEE-ABBB-7A5B124934C8}.Debug2|x86.ActiveCfg = Debug|Any CPU
		{6C2D0BD9-7E0A-4BEE-ABBB-7A5B124934C8}.Release|Any CPU.ActiveCfg = Release|Any CPU
		{6C2D0BD9-7E0A-4BEE-ABBB-7A5B124934C8}.Release|Any CPU.Build.0 = Release|Any CPU
		{6C2D0BD9-7E0A-4BEE-ABBB-7A5B124934C8}.Release|Mixed Platforms.ActiveCfg = Release|Any CPU
		{6C2D0BD9-7E0A-4BEE-ABBB-7A5B124934C8}.Release|Mixed Platforms.Build.0 = Release|Any CPU
		{6C2D0BD9-7E0A-4BEE-ABBB-7A5B124934C8}.Release|x86.ActiveCfg = Release|Any CPU
		{E8D90ECA-FF76-418C-BFE6-193221F26836}.Debug|Any CPU.ActiveCfg = Debug|Any CPU
		{E8D90ECA-FF76-418C-BFE6-193221F26836}.Debug|Any CPU.Build.0 = Debug|Any CPU
		{E8D90ECA-FF76-418C-BFE6-193221F26836}.Debug|Mixed Platforms.ActiveCfg = Debug|Any CPU
		{E8D90ECA-FF76-418C-BFE6-193221F26836}.Debug|Mixed Platforms.Build.0 = Debug|Any CPU
		{E8D90ECA-FF76-418C-BFE6-193221F26836}.Debug|x86.ActiveCfg = Debug|Any CPU
		{E8D90ECA-FF76-418C-BFE6-193221F26836}.Debug2|Any CPU.ActiveCfg = Debug|Any CPU
		{E8D90ECA-FF76-418C-BFE6-193221F26836}.Debug2|Any CPU.Build.0 = Debug|Any CPU
		{E8D90ECA-FF76-418C-BFE6-193221F26836}.Debug2|Mixed Platforms.ActiveCfg = Debug|Any CPU
		{E8D90ECA-FF76-418C-BFE6-193221F26836}.Debug2|Mixed Platforms.Build.0 = Debug|Any CPU
		{E8D90ECA-FF76-418C-BFE6-193221F26836}.Debug2|x86.ActiveCfg = Debug|Any CPU
		{E8D90ECA-FF76-418C-BFE6-193221F26836}.Release|Any CPU.ActiveCfg = Release|Any CPU
		{E8D90ECA-FF76-418C-BFE6-193221F26836}.Release|Any CPU.Build.0 = Release|Any CPU
		{E8D90ECA-FF76-418C-BFE6-193221F26836}.Release|Mixed Platforms.ActiveCfg = Release|Any CPU
		{E8D90ECA-FF76-418C-BFE6-193221F26836}.Release|Mixed Platforms.Build.0 = Release|Any CPU
		{E8D90ECA-FF76-418C-BFE6-193221F26836}.Release|x86.ActiveCfg = Release|Any CPU
		{FC8C7E7C-BB5A-41D0-A863-207EC7D9371C}.Debug|Any CPU.ActiveCfg = Debug|x86
		{FC8C7E7C-BB5A-41D0-A863-207EC7D9371C}.Debug|Mixed Platforms.ActiveCfg = Debug|x86
		{FC8C7E7C-BB5A-41D0-A863-207EC7D9371C}.Debug|Mixed Platforms.Build.0 = Debug|x86
		{FC8C7E7C-BB5A-41D0-A863-207EC7D9371C}.Debug|x86.ActiveCfg = Debug|x86
		{FC8C7E7C-BB5A-41D0-A863-207EC7D9371C}.Debug|x86.Build.0 = Debug|x86
		{FC8C7E7C-BB5A-41D0-A863-207EC7D9371C}.Debug2|Any CPU.ActiveCfg = Debug|x86
		{FC8C7E7C-BB5A-41D0-A863-207EC7D9371C}.Debug2|Mixed Platforms.ActiveCfg = Debug|x86
		{FC8C7E7C-BB5A-41D0-A863-207EC7D9371C}.Debug2|Mixed Platforms.Build.0 = Debug|x86
		{FC8C7E7C-BB5A-41D0-A863-207EC7D9371C}.Debug2|x86.ActiveCfg = Debug|x86
		{FC8C7E7C-BB5A-41D0-A863-207EC7D9371C}.Debug2|x86.Build.0 = Debug|x86
		{FC8C7E7C-BB5A-41D0-A863-207EC7D9371C}.Release|Any CPU.ActiveCfg = Release|x86
		{FC8C7E7C-BB5A-41D0-A863-207EC7D9371C}.Release|Mixed Platforms.ActiveCfg = Release|x86
		{FC8C7E7C-BB5A-41D0-A863-207EC7D9371C}.Release|Mixed Platforms.Build.0 = Release|x86
		{FC8C7E7C-BB5A-41D0-A863-207EC7D9371C}.Release|x86.ActiveCfg = Release|x86
		{FC8C7E7C-BB5A-41D0-A863-207EC7D9371C}.Release|x86.Build.0 = Release|x86
	EndGlobalSection
	GlobalSection(SolutionProperties) = preSolution
		HideSolutionNode = FALSE
	EndGlobalSection
EndGlobal
